
Microsoft Visual Studio Solution File, Format Version 12.00
# Visual Studio Version 17
VisualStudioVersion = 17.4.33027.239
MinimumVisualStudioVersion = 10.0.40219.1
Project("{9A19103F-16F7-4668-BE54-9A1E7A4F7556}") = "DFRobot.AirQuality", "DFRobot.AirQuality\DFRobot.AirQuality.csproj", "{91A29094-3E02-47C6-98F0-E6B8E1A21B76}"
EndProject
Project("{9A19103F-16F7-4668-BE54-9A1E7A4F7556}") = "TestDriver", "TestDriver\TestDriver.csproj", "{73D1BC0B-49D7-41D6-8C3C-8B5130F185FB}"
EndProject
Project("{9A19103F-16F7-4668-BE54-9A1E7A4F7556}") = "AirQualityApp", "AirQualityApp\AirQualityApp.csproj", "{D125EC97-D55F-4361-8DD2-AB62038F1286}"
EndProject
Project("{FAE04EC0-301F-11D3-BF4B-00C04F79EFBC}") = "NF.AirQuality", "NF.AirQuality\NF.AirQuality.csproj", "{2E955BC6-FF74-4B9D-8F40-639092655D30}"
EndProject
Global
	GlobalSection(SolutionConfigurationPlatforms) = preSolution
		Debug|Any CPU = Debug|Any CPU
		Release|Any CPU = Release|Any CPU
	EndGlobalSection
	GlobalSection(ProjectConfigurationPlatforms) = postSolution
		{91A29094-3E02-47C6-98F0-E6B8E1A21B76}.Debug|Any CPU.ActiveCfg = Debug|Any CPU
		{91A29094-3E02-47C6-98F0-E6B8E1A21B76}.Debug|Any CPU.Build.0 = Debug|Any CPU
		{91A29094-3E02-47C6-98F0-E6B8E1A21B76}.Release|Any CPU.ActiveCfg = Release|Any CPU
		{91A29094-3E02-47C6-98F0-E6B8E1A21B76}.Release|Any CPU.Build.0 = Release|Any CPU
		{73D1BC0B-49D7-41D6-8C3C-8B5130F185FB}.Debug|Any CPU.ActiveCfg = Debug|Any CPU
		{73D1BC0B-49D7-41D6-8C3C-8B5130F185FB}.Debug|Any CPU.Build.0 = Debug|Any CPU
		{73D1BC0B-49D7-41D6-8C3C-8B5130F185FB}.Release|Any CPU.ActiveCfg = Release|Any CPU
		{73D1BC0B-49D7-41D6-8C3C-8B5130F185FB}.Release|Any CPU.Build.0 = Release|Any CPU
		{D125EC97-D55F-4361-8DD2-AB62038F1286}.Debug|Any CPU.ActiveCfg = Debug|Any CPU
		{D125EC97-D55F-4361-8DD2-AB62038F1286}.Debug|Any CPU.Build.0 = Debug|Any CPU
		{D125EC97-D55F-4361-8DD2-AB62038F1286}.Release|Any CPU.ActiveCfg = Release|Any CPU
		{D125EC97-D55F-4361-8DD2-AB62038F1286}.Release|Any CPU.Build.0 = Release|Any CPU
		{2E955BC6-FF74-4B9D-8F40-639092655D30}.Debug|Any CPU.ActiveCfg = Debug|Any CPU
		{2E955BC6-FF74-4B9D-8F40-639092655D30}.Debug|Any CPU.Build.0 = Debug|Any CPU
		{2E955BC6-FF74-4B9D-8F40-639092655D30}.Debug|Any CPU.Deploy.0 = Debug|Any CPU
		{2E955BC6-FF74-4B9D-8F40-639092655D30}.Release|Any CPU.ActiveCfg = Release|Any CPU
		{2E955BC6-FF74-4B9D-8F40-639092655D30}.Release|Any CPU.Build.0 = Release|Any CPU
		{2E955BC6-FF74-4B9D-8F40-639092655D30}.Release|Any CPU.Deploy.0 = Release|Any CPU
	EndGlobalSection
	GlobalSection(SolutionProperties) = preSolution
		HideSolutionNode = FALSE
	EndGlobalSection
	GlobalSection(ExtensibilityGlobals) = postSolution
		SolutionGuid = {C13EC4FC-688F-4F87-AF29-695D635B1972}
	EndGlobalSection
EndGlobal
